
Microsoft Visual Studio Solution File, Format Version 12.00
# Visual Studio Version 17
VisualStudioVersion = 17.5.33516.290
MinimumVisualStudioVersion = 10.0.40219.1
Project("{FAE04EC0-301F-11D3-BF4B-00C04F79EFBC}") = "DemoApp", "DemoApp\DemoApp.csproj", "{5FC1AAFE-C1AB-43EB-A199-FC1345C27A08}"
EndProject
Project("{FAE04EC0-301F-11D3-BF4B-00C04F79EFBC}") = "Tests", "Tests\Tests.csproj", "{F38DCA70-7A80-41CF-898A-3E05DB6E6706}"
EndProject
Global
	GlobalSection(SolutionConfigurationPlatforms) = preSolution
		Debug|Any CPU = Debug|Any CPU
		Release|Any CPU = Release|Any CPU
	EndGlobalSection
	GlobalSection(ProjectConfigurationPlatforms) = postSolution
		{5FC1AAFE-C1AB-43EB-A199-FC1345C27A08}.Debug|Any CPU.ActiveCfg = Debug|Any CPU
		{5FC1AAFE-C1AB-43EB-A199-FC1345C27A08}.Debug|Any CPU.Build.0 = Debug|Any CPU
		{5FC1AAFE-C1AB-43EB-A199-FC1345C27A08}.Release|Any CPU.ActiveCfg = Release|Any CPU
		{5FC1AAFE-C1AB-43EB-A199-FC1345C27A08}.Release|Any CPU.Build.0 = Release|Any CPU
		{F38DCA70-7A80-41CF-898A-3E05DB6E6706}.Debug|Any CPU.ActiveCfg = Debug|Any CPU
		{F38DCA70-7A80-41CF-898A-3E05DB6E6706}.Debug|Any CPU.Build.0 = Debug|Any CPU
		{F38DCA70-7A80-41CF-898A-3E05DB6E6706}.Release|Any CPU.ActiveCfg = Release|Any CPU
		{F38DCA70-7A80-41CF-898A-3E05DB6E6706}.Release|Any CPU.Build.0 = Release|Any CPU
	EndGlobalSection
	GlobalSection(SolutionProperties) = preSolution
		HideSolutionNode = FALSE
	EndGlobalSection
	GlobalSection(ExtensibilityGlobals) = postSolution
		SolutionGuid = {6B0D930B-8935-4696-849F-22EDD518FCCC}
	EndGlobalSection
EndGlobal
