
Microsoft Visual Studio Solution File, Format Version 12.00
# Visual Studio Version 17
VisualStudioVersion = 17.5.33516.290
MinimumVisualStudioVersion = 10.0.40219.1
Project("{FAE04EC0-301F-11D3-BF4B-00C04F79EFBC}") = "TestAutomationDropboxApp", "TestAutomationDropboxApp\TestAutomationDropboxApp.csproj", "{170C7715-F08A-4608-ACE0-B75371158A4D}"
EndProject
Project("{FAE04EC0-301F-11D3-BF4B-00C04F79EFBC}") = "Tests", "Tests\Tests.csproj", "{C8ACC1A8-0A1E-4B16-86DB-3A4BD3BA26CF}"
EndProject
Global
	GlobalSection(SolutionConfigurationPlatforms) = preSolution
		Debug|Any CPU = Debug|Any CPU
		Release|Any CPU = Release|Any CPU
	EndGlobalSection
	GlobalSection(ProjectConfigurationPlatforms) = postSolution
		{170C7715-F08A-4608-ACE0-B75371158A4D}.Debug|Any CPU.ActiveCfg = Debug|Any CPU
		{170C7715-F08A-4608-ACE0-B75371158A4D}.Debug|Any CPU.Build.0 = Debug|Any CPU
		{170C7715-F08A-4608-ACE0-B75371158A4D}.Release|Any CPU.ActiveCfg = Release|Any CPU
		{170C7715-F08A-4608-ACE0-B75371158A4D}.Release|Any CPU.Build.0 = Release|Any CPU
		{C8ACC1A8-0A1E-4B16-86DB-3A4BD3BA26CF}.Debug|Any CPU.ActiveCfg = Debug|Any CPU
		{C8ACC1A8-0A1E-4B16-86DB-3A4BD3BA26CF}.Debug|Any CPU.Build.0 = Debug|Any CPU
		{C8ACC1A8-0A1E-4B16-86DB-3A4BD3BA26CF}.Release|Any CPU.ActiveCfg = Release|Any CPU
		{C8ACC1A8-0A1E-4B16-86DB-3A4BD3BA26CF}.Release|Any CPU.Build.0 = Release|Any CPU
	EndGlobalSection
	GlobalSection(SolutionProperties) = preSolution
		HideSolutionNode = FALSE
	EndGlobalSection
	GlobalSection(ExtensibilityGlobals) = postSolution
		SolutionGuid = {501818B2-B25C-436E-B929-15B3012A49EC}
	EndGlobalSection
EndGlobal
